
Microsoft Visual Studio Solution File, Format Version 12.00
# Visual Studio Version 17
VisualStudioVersion = 17.8.34330.188
MinimumVisualStudioVersion = 10.0.40219.1
Project("{8BC9CEB8-8B4A-11D0-8D11-00A0C91BC942}") = "Arrays", "Arrays\Arrays.vcxproj", "{0868F318-23AC-4D83-83C1-CCD894E8764E}"
EndProject
Project("{8BC9CEB8-8B4A-11D0-8D11-00A0C91BC942}") = "Numerics", "Numerics\Numerics.vcxproj", "{6DA6AFC1-E019-4731-8B9C-02224031E6BE}"
EndProject
Project("{8BC9CEB8-8B4A-11D0-8D11-00A0C91BC942}") = "Shift", "HM\HM.vcxproj", "{A0C3C063-A4D1-4795-823B-B8CE65022F6E}"
EndProject
Project("{8BC9CEB8-8B4A-11D0-8D11-00A0C91BC942}") = "Binary", "Binary\Binary.vcxproj", "{0ACDC2C5-5045-4415-9D04-FD7173FE088C}"
EndProject
Global
	GlobalSection(SolutionConfigurationPlatforms) = preSolution
		Debug|x64 = Debug|x64
		Debug|x86 = Debug|x86
		Release|x64 = Release|x64
		Release|x86 = Release|x86
	EndGlobalSection
	GlobalSection(ProjectConfigurationPlatforms) = postSolution
		{0868F318-23AC-4D83-83C1-CCD894E8764E}.Debug|x64.ActiveCfg = Debug|x64
		{0868F318-23AC-4D83-83C1-CCD894E8764E}.Debug|x64.Build.0 = Debug|x64
		{0868F318-23AC-4D83-83C1-CCD894E8764E}.Debug|x86.ActiveCfg = Debug|Win32
		{0868F318-23AC-4D83-83C1-CCD894E8764E}.Debug|x86.Build.0 = Debug|Win32
		{0868F318-23AC-4D83-83C1-CCD894E8764E}.Release|x64.ActiveCfg = Release|x64
		{0868F318-23AC-4D83-83C1-CCD894E8764E}.Release|x64.Build.0 = Release|x64
		{0868F318-23AC-4D83-83C1-CCD894E8764E}.Release|x86.ActiveCfg = Release|Win32
		{0868F318-23AC-4D83-83C1-CCD894E8764E}.Release|x86.Build.0 = Release|Win32
		{6DA6AFC1-E019-4731-8B9C-02224031E6BE}.Debug|x64.ActiveCfg = Debug|x64
		{6DA6AFC1-E019-4731-8B9C-02224031E6BE}.Debug|x64.Build.0 = Debug|x64
		{6DA6AFC1-E019-4731-8B9C-02224031E6BE}.Debug|x86.ActiveCfg = Debug|Win32
		{6DA6AFC1-E019-4731-8B9C-02224031E6BE}.Debug|x86.Build.0 = Debug|Win32
		{6DA6AFC1-E019-4731-8B9C-02224031E6BE}.Release|x64.ActiveCfg = Release|x64
		{6DA6AFC1-E019-4731-8B9C-02224031E6BE}.Release|x64.Build.0 = Release|x64
		{6DA6AFC1-E019-4731-8B9C-02224031E6BE}.Release|x86.ActiveCfg = Release|Win32
		{6DA6AFC1-E019-4731-8B9C-02224031E6BE}.Release|x86.Build.0 = Release|Win32
		{A0C3C063-A4D1-4795-823B-B8CE65022F6E}.Debug|x64.ActiveCfg = Debug|x64
		{A0C3C063-A4D1-4795-823B-B8CE65022F6E}.Debug|x64.Build.0 = Debug|x64
		{A0C3C063-A4D1-4795-823B-B8CE65022F6E}.Debug|x86.ActiveCfg = Debug|Win32
		{A0C3C063-A4D1-4795-823B-B8CE65022F6E}.Debug|x86.Build.0 = Debug|Win32
		{A0C3C063-A4D1-4795-823B-B8CE65022F6E}.Release|x64.ActiveCfg = Release|x64
		{A0C3C063-A4D1-4795-823B-B8CE65022F6E}.Release|x64.Build.0 = Release|x64
		{A0C3C063-A4D1-4795-823B-B8CE65022F6E}.Release|x86.ActiveCfg = Release|Win32
		{A0C3C063-A4D1-4795-823B-B8CE65022F6E}.Release|x86.Build.0 = Release|Win32
		{0ACDC2C5-5045-4415-9D04-FD7173FE088C}.Debug|x64.ActiveCfg = Debug|x64
		{0ACDC2C5-5045-4415-9D04-FD7173FE088C}.Debug|x64.Build.0 = Debug|x64
		{0ACDC2C5-5045-4415-9D04-FD7173FE088C}.Debug|x86.ActiveCfg = Debug|Win32
		{0ACDC2C5-5045-4415-9D04-FD7173FE088C}.Debug|x86.Build.0 = Debug|Win32
		{0ACDC2C5-5045-4415-9D04-FD7173FE088C}.Release|x64.ActiveCfg = Release|x64
		{0ACDC2C5-5045-4415-9D04-FD7173FE088C}.Release|x64.Build.0 = Release|x64
		{0ACDC2C5-5045-4415-9D04-FD7173FE088C}.Release|x86.ActiveCfg = Release|Win32
		{0ACDC2C5-5045-4415-9D04-FD7173FE088C}.Release|x86.Build.0 = Release|Win32
	EndGlobalSection
	GlobalSection(SolutionProperties) = preSolution
		HideSolutionNode = FALSE
	EndGlobalSection
	GlobalSection(ExtensibilityGlobals) = postSolution
		SolutionGuid = {03B562AD-49F0-4165-B083-BF79D60A15D3}
	EndGlobalSection
EndGlobal
